
Microsoft Visual Studio Solution File, Format Version 12.00
# Visual Studio 2013
Project("{FAE04EC0-301F-11D3-BF4B-00C04F79EFBC}") = "UnityVS.Project_MX.CSharp", "UnityVS.Project_MX.CSharp.csproj", "{CF3238BE-7DFE-C620-1A94-DE434B31411B}"
EndProject
Project("{FAE04EC0-301F-11D3-BF4B-00C04F79EFBC}") = "UnityVS.Project_MX.CSharp.Editor", "UnityVS.Project_MX.CSharp.Editor.csproj", "{5FE62D56-F55A-5E0D-EC2C-2879C578962B}"
EndProject
Global
	GlobalSection(SolutionConfigurationPlatforms) = preSolution
		Debug|Any CPU = Debug|Any CPU
		Release|Any CPU = Release|Any CPU
	EndGlobalSection
	GlobalSection(ProjectConfigurationPlatforms) = postSolution
		{CF3238BE-7DFE-C620-1A94-DE434B31411B}.Debug|Any CPU.ActiveCfg = Debug|Any CPU
		{CF3238BE-7DFE-C620-1A94-DE434B31411B}.Debug|Any CPU.Build.0 = Debug|Any CPU
		{CF3238BE-7DFE-C620-1A94-DE434B31411B}.Release|Any CPU.ActiveCfg = Release|Any CPU
		{CF3238BE-7DFE-C620-1A94-DE434B31411B}.Release|Any CPU.Build.0 = Release|Any CPU
		{5FE62D56-F55A-5E0D-EC2C-2879C578962B}.Debug|Any CPU.ActiveCfg = Debug|Any CPU
		{5FE62D56-F55A-5E0D-EC2C-2879C578962B}.Debug|Any CPU.Build.0 = Debug|Any CPU
		{5FE62D56-F55A-5E0D-EC2C-2879C578962B}.Release|Any CPU.ActiveCfg = Release|Any CPU
		{5FE62D56-F55A-5E0D-EC2C-2879C578962B}.Release|Any CPU.Build.0 = Release|Any CPU
	EndGlobalSection
	GlobalSection(SolutionProperties) = preSolution
		HideSolutionNode = FALSE
	EndGlobalSection
EndGlobal
